
Microsoft Visual Studio Solution File, Format Version 12.00
# Visual Studio 15
Project("{FAE04EC0-301F-11D3-BF4B-00C04F79EFBC}") = "UnityEngine.TestRunner", "UnityEngine.TestRunner.csproj", "{D7A892CC-1DD8-8D09-0498-1990D8B53A61}"
EndProject
Project("{FAE04EC0-301F-11D3-BF4B-00C04F79EFBC}") = "UnityEngine.UI", "UnityEngine.UI.csproj", "{B4FC2E1A-54A1-5310-2BE4-B8BB78BADAAC}"
EndProject
Project("{FAE04EC0-301F-11D3-BF4B-00C04F79EFBC}") = "Unity.Timeline", "Unity.Timeline.csproj", "{E32AD6DE-411D-FB11-05A8-6B51899388F6}"
EndProject
Project("{FAE04EC0-301F-11D3-BF4B-00C04F79EFBC}") = "Unity.TextMeshPro", "Unity.TextMeshPro.csproj", "{257339B8-0A80-19EC-4C55-9C830FE3F1CC}"
EndProject
Project("{FAE04EC0-301F-11D3-BF4B-00C04F79EFBC}") = "Assembly-CSharp", "Assembly-CSharp.csproj", "{501BD3FF-7F48-2366-810A-1677FF50E37F}"
EndProject
Project("{FAE04EC0-301F-11D3-BF4B-00C04F79EFBC}") = "Unity.Timeline.Editor", "Unity.Timeline.Editor.csproj", "{23F7CBD3-74F1-8969-3984-BFEBF59769FF}"
EndProject
Project("{FAE04EC0-301F-11D3-BF4B-00C04F79EFBC}") = "UnityEditor.TestRunner", "UnityEditor.TestRunner.csproj", "{EFCE70DA-230B-BCB7-7285-FFB09E10896C}"
EndProject
Project("{FAE04EC0-301F-11D3-BF4B-00C04F79EFBC}") = "UnityEditor.UI", "UnityEditor.UI.csproj", "{55784C23-CB47-B3E0-05D4-4C9703DF064D}"
EndProject
Project("{FAE04EC0-301F-11D3-BF4B-00C04F79EFBC}") = "Unity.VisualStudio.Editor", "Unity.VisualStudio.Editor.csproj", "{F454AC39-A56E-9D4E-52B2-DD6D7337E3DD}"
EndProject
Project("{FAE04EC0-301F-11D3-BF4B-00C04F79EFBC}") = "Unity.TextMeshPro.Editor", "Unity.TextMeshPro.Editor.csproj", "{1F63B2E8-A9BE-58CF-4DBC-1EC651F5CF41}"
EndProject
Project("{FAE04EC0-301F-11D3-BF4B-00C04F79EFBC}") = "Unity.CollabProxy.Editor", "Unity.CollabProxy.Editor.csproj", "{5B7AC41C-3D04-6F31-FCB1-02E76340E27B}"
EndProject
Project("{FAE04EC0-301F-11D3-BF4B-00C04F79EFBC}") = "Unity.VSCode.Editor", "Unity.VSCode.Editor.csproj", "{886A00F9-A47E-AC0F-98A3-0B75171483B4}"
EndProject
Project("{FAE04EC0-301F-11D3-BF4B-00C04F79EFBC}") = "Unity.Rider.Editor", "Unity.Rider.Editor.csproj", "{BF46C2B1-1672-6C5F-34F4-4B348D940A1F}"
EndProject
Project("{FAE04EC0-301F-11D3-BF4B-00C04F79EFBC}") = "UnityEngine.TestRunner", "UnityEngine.TestRunner.Player.csproj", "{E82B0909-23C5-1665-4A35-797F48E8CE2E}"
EndProject
Project("{FAE04EC0-301F-11D3-BF4B-00C04F79EFBC}") = "UnityEngine.UI", "UnityEngine.UI.Player.csproj", "{04C400F1-BBC7-B304-7AFD-D6D6F80FB1C6}"
EndProject
Project("{FAE04EC0-301F-11D3-BF4B-00C04F79EFBC}") = "Unity.Timeline", "Unity.Timeline.Player.csproj", "{CFB5E81A-DE8B-C105-5743-291CD6C029D2}"
EndProject
Project("{FAE04EC0-301F-11D3-BF4B-00C04F79EFBC}") = "Unity.TextMeshPro", "Unity.TextMeshPro.Player.csproj", "{1AE906FB-0E70-FFBA-4811-CB8E47526F34}"
EndProject
Project("{FAE04EC0-301F-11D3-BF4B-00C04F79EFBC}") = "Assembly-CSharp", "Assembly-CSharp.Player.csproj", "{87B51836-A89E-D283-F1F3-DA613C1933A4}"
EndProject
Global
	GlobalSection(SolutionConfigurationPlatforms) = preSolution
		Debug|Any CPU = Debug|Any CPU
		Release|Any CPU = Release|Any CPU
	EndGlobalSection
	GlobalSection(ProjectConfigurationPlatforms) = postSolution
		{D7A892CC-1DD8-8D09-0498-1990D8B53A61}.Debug|Any CPU.ActiveCfg = Debug|Any CPU
		{D7A892CC-1DD8-8D09-0498-1990D8B53A61}.Debug|Any CPU.Build.0 = Debug|Any CPU
		{D7A892CC-1DD8-8D09-0498-1990D8B53A61}.Release|Any CPU.ActiveCfg = Release|Any CPU
		{D7A892CC-1DD8-8D09-0498-1990D8B53A61}.Release|Any CPU.Build.0 = Release|Any CPU
		{B4FC2E1A-54A1-5310-2BE4-B8BB78BADAAC}.Debug|Any CPU.ActiveCfg = Debug|Any CPU
		{B4FC2E1A-54A1-5310-2BE4-B8BB78BADAAC}.Debug|Any CPU.Build.0 = Debug|Any CPU
		{B4FC2E1A-54A1-5310-2BE4-B8BB78BADAAC}.Release|Any CPU.ActiveCfg = Release|Any CPU
		{B4FC2E1A-54A1-5310-2BE4-B8BB78BADAAC}.Release|Any CPU.Build.0 = Release|Any CPU
		{E32AD6DE-411D-FB11-05A8-6B51899388F6}.Debug|Any CPU.ActiveCfg = Debug|Any CPU
		{E32AD6DE-411D-FB11-05A8-6B51899388F6}.Debug|Any CPU.Build.0 = Debug|Any CPU
		{E32AD6DE-411D-FB11-05A8-6B51899388F6}.Release|Any CPU.ActiveCfg = Release|Any CPU
		{E32AD6DE-411D-FB11-05A8-6B51899388F6}.Release|Any CPU.Build.0 = Release|Any CPU
		{257339B8-0A80-19EC-4C55-9C830FE3F1CC}.Debug|Any CPU.ActiveCfg = Debug|Any CPU
		{257339B8-0A80-19EC-4C55-9C830FE3F1CC}.Debug|Any CPU.Build.0 = Debug|Any CPU
		{257339B8-0A80-19EC-4C55-9C830FE3F1CC}.Release|Any CPU.ActiveCfg = Release|Any CPU
		{257339B8-0A80-19EC-4C55-9C830FE3F1CC}.Release|Any CPU.Build.0 = Release|Any CPU
		{501BD3FF-7F48-2366-810A-1677FF50E37F}.Debug|Any CPU.ActiveCfg = Debug|Any CPU
		{501BD3FF-7F48-2366-810A-1677FF50E37F}.Debug|Any CPU.Build.0 = Debug|Any CPU
		{501BD3FF-7F48-2366-810A-1677FF50E37F}.Release|Any CPU.ActiveCfg = Release|Any CPU
		{501BD3FF-7F48-2366-810A-1677FF50E37F}.Release|Any CPU.Build.0 = Release|Any CPU
		{23F7CBD3-74F1-8969-3984-BFEBF59769FF}.Debug|Any CPU.ActiveCfg = Debug|Any CPU
		{23F7CBD3-74F1-8969-3984-BFEBF59769FF}.Debug|Any CPU.Build.0 = Debug|Any CPU
		{23F7CBD3-74F1-8969-3984-BFEBF59769FF}.Release|Any CPU.ActiveCfg = Release|Any CPU
		{23F7CBD3-74F1-8969-3984-BFEBF59769FF}.Release|Any CPU.Build.0 = Release|Any CPU
		{EFCE70DA-230B-BCB7-7285-FFB09E10896C}.Debug|Any CPU.ActiveCfg = Debug|Any CPU
		{EFCE70DA-230B-BCB7-7285-FFB09E10896C}.Debug|Any CPU.Build.0 = Debug|Any CPU
		{EFCE70DA-230B-BCB7-7285-FFB09E10896C}.Release|Any CPU.ActiveCfg = Release|Any CPU
		{EFCE70DA-230B-BCB7-7285-FFB09E10896C}.Release|Any CPU.Build.0 = Release|Any CPU
		{55784C23-CB47-B3E0-05D4-4C9703DF064D}.Debug|Any CPU.ActiveCfg = Debug|Any CPU
		{55784C23-CB47-B3E0-05D4-4C9703DF064D}.Debug|Any CPU.Build.0 = Debug|Any CPU
		{55784C23-CB47-B3E0-05D4-4C9703DF064D}.Release|Any CPU.ActiveCfg = Release|Any CPU
		{55784C23-CB47-B3E0-05D4-4C9703DF064D}.Release|Any CPU.Build.0 = Release|Any CPU
		{F454AC39-A56E-9D4E-52B2-DD6D7337E3DD}.Debug|Any CPU.ActiveCfg = Debug|Any CPU
		{F454AC39-A56E-9D4E-52B2-DD6D7337E3DD}.Debug|Any CPU.Build.0 = Debug|Any CPU
		{F454AC39-A56E-9D4E-52B2-DD6D7337E3DD}.Release|Any CPU.ActiveCfg = Release|Any CPU
		{F454AC39-A56E-9D4E-52B2-DD6D7337E3DD}.Release|Any CPU.Build.0 = Release|Any CPU
		{1F63B2E8-A9BE-58CF-4DBC-1EC651F5CF41}.Debug|Any CPU.ActiveCfg = Debug|Any CPU
		{1F63B2E8-A9BE-58CF-4DBC-1EC651F5CF41}.Debug|Any CPU.Build.0 = Debug|Any CPU
		{1F63B2E8-A9BE-58CF-4DBC-1EC651F5CF41}.Release|Any CPU.ActiveCfg = Release|Any CPU
		{1F63B2E8-A9BE-58CF-4DBC-1EC651F5CF41}.Release|Any CPU.Build.0 = Release|Any CPU
		{5B7AC41C-3D04-6F31-FCB1-02E76340E27B}.Debug|Any CPU.ActiveCfg = Debug|Any CPU
		{5B7AC41C-3D04-6F31-FCB1-02E76340E27B}.Debug|Any CPU.Build.0 = Debug|Any CPU
		{5B7AC41C-3D04-6F31-FCB1-02E76340E27B}.Release|Any CPU.ActiveCfg = Release|Any CPU
		{5B7AC41C-3D04-6F31-FCB1-02E76340E27B}.Release|Any CPU.Build.0 = Release|Any CPU
		{886A00F9-A47E-AC0F-98A3-0B75171483B4}.Debug|Any CPU.ActiveCfg = Debug|Any CPU
		{886A00F9-A47E-AC0F-98A3-0B75171483B4}.Debug|Any CPU.Build.0 = Debug|Any CPU
		{886A00F9-A47E-AC0F-98A3-0B75171483B4}.Release|Any CPU.ActiveCfg = Release|Any CPU
		{886A00F9-A47E-AC0F-98A3-0B75171483B4}.Release|Any CPU.Build.0 = Release|Any CPU
		{BF46C2B1-1672-6C5F-34F4-4B348D940A1F}.Debug|Any CPU.ActiveCfg = Debug|Any CPU
		{BF46C2B1-1672-6C5F-34F4-4B348D940A1F}.Debug|Any CPU.Build.0 = Debug|Any CPU
		{BF46C2B1-1672-6C5F-34F4-4B348D940A1F}.Release|Any CPU.ActiveCfg = Release|Any CPU
		{BF46C2B1-1672-6C5F-34F4-4B348D940A1F}.Release|Any CPU.Build.0 = Release|Any CPU
		{E82B0909-23C5-1665-4A35-797F48E8CE2E}.Debug|Any CPU.ActiveCfg = Debug|Any CPU
		{E82B0909-23C5-1665-4A35-797F48E8CE2E}.Debug|Any CPU.Build.0 = Debug|Any CPU
		{E82B0909-23C5-1665-4A35-797F48E8CE2E}.Release|Any CPU.ActiveCfg = Release|Any CPU
		{E82B0909-23C5-1665-4A35-797F48E8CE2E}.Release|Any CPU.Build.0 = Release|Any CPU
		{04C400F1-BBC7-B304-7AFD-D6D6F80FB1C6}.Debug|Any CPU.ActiveCfg = Debug|Any CPU
		{04C400F1-BBC7-B304-7AFD-D6D6F80FB1C6}.Debug|Any CPU.Build.0 = Debug|Any CPU
		{04C400F1-BBC7-B304-7AFD-D6D6F80FB1C6}.Release|Any CPU.ActiveCfg = Release|Any CPU
		{04C400F1-BBC7-B304-7AFD-D6D6F80FB1C6}.Release|Any CPU.Build.0 = Release|Any CPU
		{CFB5E81A-DE8B-C105-5743-291CD6C029D2}.Debug|Any CPU.ActiveCfg = Debug|Any CPU
		{CFB5E81A-DE8B-C105-5743-291CD6C029D2}.Debug|Any CPU.Build.0 = Debug|Any CPU
		{CFB5E81A-DE8B-C105-5743-291CD6C029D2}.Release|Any CPU.ActiveCfg = Release|Any CPU
		{CFB5E81A-DE8B-C105-5743-291CD6C029D2}.Release|Any CPU.Build.0 = Release|Any CPU
		{1AE906FB-0E70-FFBA-4811-CB8E47526F34}.Debug|Any CPU.ActiveCfg = Debug|Any CPU
		{1AE906FB-0E70-FFBA-4811-CB8E47526F34}.Debug|Any CPU.Build.0 = Debug|Any CPU
		{1AE906FB-0E70-FFBA-4811-CB8E47526F34}.Release|Any CPU.ActiveCfg = Release|Any CPU
		{1AE906FB-0E70-FFBA-4811-CB8E47526F34}.Release|Any CPU.Build.0 = Release|Any CPU
		{87B51836-A89E-D283-F1F3-DA613C1933A4}.Debug|Any CPU.ActiveCfg = Debug|Any CPU
		{87B51836-A89E-D283-F1F3-DA613C1933A4}.Debug|Any CPU.Build.0 = Debug|Any CPU
		{87B51836-A89E-D283-F1F3-DA613C1933A4}.Release|Any CPU.ActiveCfg = Release|Any CPU
		{87B51836-A89E-D283-F1F3-DA613C1933A4}.Release|Any CPU.Build.0 = Release|Any CPU
	EndGlobalSection
	GlobalSection(SolutionProperties) = preSolution
		HideSolutionNode = FALSE
	EndGlobalSection
EndGlobal
