
Microsoft Visual Studio Solution File, Format Version 11.00
# Visual Studio 2010
Project("{FAE04EC0-301F-11D3-BF4B-00C04F79EFBC}") = "UnityEngine.TestRunner", "UnityEngine.TestRunner.csproj", "{cc92a8d7-d81d-098d-0498-1990d8b53a61}"
EndProject
Project("{FAE04EC0-301F-11D3-BF4B-00C04F79EFBC}") = "UnityEngine.UI", "UnityEngine.UI.csproj", "{1a2efcb4-a154-1053-2be4-b8bb78badaac}"
EndProject
Project("{FAE04EC0-301F-11D3-BF4B-00C04F79EFBC}") = "Unity.Timeline", "Unity.Timeline.csproj", "{ded62ae3-1d41-11fb-05a8-6b51899388f6}"
EndProject
Project("{FAE04EC0-301F-11D3-BF4B-00C04F79EFBC}") = "Unity.TextMeshPro", "Unity.TextMeshPro.csproj", "{b8397325-800a-ec19-4c55-9c830fe3f1cc}"
EndProject
Project("{FAE04EC0-301F-11D3-BF4B-00C04F79EFBC}") = "Assembly-CSharp", "Assembly-CSharp.csproj", "{ffd31b50-487f-6623-810a-1677ff50e37f}"
EndProject
Project("{FAE04EC0-301F-11D3-BF4B-00C04F79EFBC}") = "Unity.Timeline.Editor", "Unity.Timeline.Editor.csproj", "{d3cbf723-f174-6989-3984-bfebf59769ff}"
EndProject
Project("{FAE04EC0-301F-11D3-BF4B-00C04F79EFBC}") = "UnityEditor.TestRunner", "UnityEditor.TestRunner.csproj", "{da70ceef-0b23-b7bc-7285-ffb09e10896c}"
EndProject
Project("{FAE04EC0-301F-11D3-BF4B-00C04F79EFBC}") = "UnityEditor.UI", "UnityEditor.UI.csproj", "{234c7855-47cb-e0b3-05d4-4c9703df064d}"
EndProject
Project("{FAE04EC0-301F-11D3-BF4B-00C04F79EFBC}") = "Unity.VisualStudio.Editor", "Unity.VisualStudio.Editor.csproj", "{39ac54f4-6ea5-4e9d-52b2-dd6d7337e3dd}"
EndProject
Project("{FAE04EC0-301F-11D3-BF4B-00C04F79EFBC}") = "Unity.TextMeshPro.Editor", "Unity.TextMeshPro.Editor.csproj", "{e8b2631f-bea9-cf58-4dbc-1ec651f5cf41}"
EndProject
Project("{FAE04EC0-301F-11D3-BF4B-00C04F79EFBC}") = "Unity.CollabProxy.Editor", "Unity.CollabProxy.Editor.csproj", "{1cc47a5b-043d-316f-fcb1-02e76340e27b}"
EndProject
Project("{FAE04EC0-301F-11D3-BF4B-00C04F79EFBC}") = "Unity.VSCode.Editor", "Unity.VSCode.Editor.csproj", "{f9006a88-7ea4-0fac-98a3-0b75171483b4}"
EndProject
Project("{FAE04EC0-301F-11D3-BF4B-00C04F79EFBC}") = "Unity.Rider.Editor", "Unity.Rider.Editor.csproj", "{b1c246bf-7216-5f6c-34f4-4b348d940a1f}"
EndProject
Global
	GlobalSection(SolutionConfigurationPlatforms) = preSolution
		Debug|Any CPU = Debug|Any CPU
	EndGlobalSection
	GlobalSection(ProjectConfigurationPlatforms) = postSolution
		{cc92a8d7-d81d-098d-0498-1990d8b53a61}.Debug|Any CPU.ActiveCfg = Debug|Any CPU
		{cc92a8d7-d81d-098d-0498-1990d8b53a61}.Debug|Any CPU.Build.0 = Debug|Any CPU
		{1a2efcb4-a154-1053-2be4-b8bb78badaac}.Debug|Any CPU.ActiveCfg = Debug|Any CPU
		{1a2efcb4-a154-1053-2be4-b8bb78badaac}.Debug|Any CPU.Build.0 = Debug|Any CPU
		{ded62ae3-1d41-11fb-05a8-6b51899388f6}.Debug|Any CPU.ActiveCfg = Debug|Any CPU
		{ded62ae3-1d41-11fb-05a8-6b51899388f6}.Debug|Any CPU.Build.0 = Debug|Any CPU
		{b8397325-800a-ec19-4c55-9c830fe3f1cc}.Debug|Any CPU.ActiveCfg = Debug|Any CPU
		{b8397325-800a-ec19-4c55-9c830fe3f1cc}.Debug|Any CPU.Build.0 = Debug|Any CPU
		{ffd31b50-487f-6623-810a-1677ff50e37f}.Debug|Any CPU.ActiveCfg = Debug|Any CPU
		{ffd31b50-487f-6623-810a-1677ff50e37f}.Debug|Any CPU.Build.0 = Debug|Any CPU
		{d3cbf723-f174-6989-3984-bfebf59769ff}.Debug|Any CPU.ActiveCfg = Debug|Any CPU
		{d3cbf723-f174-6989-3984-bfebf59769ff}.Debug|Any CPU.Build.0 = Debug|Any CPU
		{da70ceef-0b23-b7bc-7285-ffb09e10896c}.Debug|Any CPU.ActiveCfg = Debug|Any CPU
		{da70ceef-0b23-b7bc-7285-ffb09e10896c}.Debug|Any CPU.Build.0 = Debug|Any CPU
		{234c7855-47cb-e0b3-05d4-4c9703df064d}.Debug|Any CPU.ActiveCfg = Debug|Any CPU
		{234c7855-47cb-e0b3-05d4-4c9703df064d}.Debug|Any CPU.Build.0 = Debug|Any CPU
		{39ac54f4-6ea5-4e9d-52b2-dd6d7337e3dd}.Debug|Any CPU.ActiveCfg = Debug|Any CPU
		{39ac54f4-6ea5-4e9d-52b2-dd6d7337e3dd}.Debug|Any CPU.Build.0 = Debug|Any CPU
		{e8b2631f-bea9-cf58-4dbc-1ec651f5cf41}.Debug|Any CPU.ActiveCfg = Debug|Any CPU
		{e8b2631f-bea9-cf58-4dbc-1ec651f5cf41}.Debug|Any CPU.Build.0 = Debug|Any CPU
		{1cc47a5b-043d-316f-fcb1-02e76340e27b}.Debug|Any CPU.ActiveCfg = Debug|Any CPU
		{1cc47a5b-043d-316f-fcb1-02e76340e27b}.Debug|Any CPU.Build.0 = Debug|Any CPU
		{f9006a88-7ea4-0fac-98a3-0b75171483b4}.Debug|Any CPU.ActiveCfg = Debug|Any CPU
		{f9006a88-7ea4-0fac-98a3-0b75171483b4}.Debug|Any CPU.Build.0 = Debug|Any CPU
		{b1c246bf-7216-5f6c-34f4-4b348d940a1f}.Debug|Any CPU.ActiveCfg = Debug|Any CPU
		{b1c246bf-7216-5f6c-34f4-4b348d940a1f}.Debug|Any CPU.Build.0 = Debug|Any CPU
	EndGlobalSection
	GlobalSection(SolutionProperties) = preSolution
		HideSolutionNode = FALSE
	EndGlobalSection
EndGlobal
